
Microsoft Visual Studio Solution File, Format Version 12.00
# Visual Studio Version 16
VisualStudioVersion = 16.0.32106.194
MinimumVisualStudioVersion = 10.0.40219.1
Project("{FAE04EC0-301F-11D3-BF4B-00C04F79EFBC}") = "async-project", "async-project.csproj", "{1AFAFBD5-6220-4795-A4C8-B263EBFF6FE9}"
EndProject
Global
	GlobalSection(SolutionConfigurationPlatforms) = preSolution
		Debug|Any CPU = Debug|Any CPU
		Release|Any CPU = Release|Any CPU
	EndGlobalSection
	GlobalSection(ProjectConfigurationPlatforms) = postSolution
		{1AFAFBD5-6220-4795-A4C8-B263EBFF6FE9}.Debug|Any CPU.ActiveCfg = Debug|Any CPU
		{1AFAFBD5-6220-4795-A4C8-B263EBFF6FE9}.Debug|Any CPU.Build.0 = Debug|Any CPU
		{1AFAFBD5-6220-4795-A4C8-B263EBFF6FE9}.Release|Any CPU.ActiveCfg = Release|Any CPU
		{1AFAFBD5-6220-4795-A4C8-B263EBFF6FE9}.Release|Any CPU.Build.0 = Release|Any CPU
	EndGlobalSection
	GlobalSection(SolutionProperties) = preSolution
		HideSolutionNode = FALSE
	EndGlobalSection
	GlobalSection(ExtensibilityGlobals) = postSolution
		SolutionGuid = {AEDC69F7-6AE1-4C38-A1B8-A5C6A83C6CDF}
	EndGlobalSection
EndGlobal
